
Microsoft Visual Studio Solution File, Format Version 12.00
# Visual Studio 2012
Project("{FAE04EC0-301F-11D3-BF4B-00C04F79EFBC}") = "SqlSignalR", "SqlSignalR\SqlSignalR.csproj", "{CABEF145-0ED3-4F90-8531-C26C4185E878}"
EndProject
Global
	GlobalSection(SolutionConfigurationPlatforms) = preSolution
		Debug|Any CPU = Debug|Any CPU
		Release|Any CPU = Release|Any CPU
	EndGlobalSection
	GlobalSection(ProjectConfigurationPlatforms) = postSolution
		{CABEF145-0ED3-4F90-8531-C26C4185E878}.Debug|Any CPU.ActiveCfg = Debug|Any CPU
		{CABEF145-0ED3-4F90-8531-C26C4185E878}.Debug|Any CPU.Build.0 = Debug|Any CPU
		{CABEF145-0ED3-4F90-8531-C26C4185E878}.Release|Any CPU.ActiveCfg = Release|Any CPU
		{CABEF145-0ED3-4F90-8531-C26C4185E878}.Release|Any CPU.Build.0 = Release|Any CPU
	EndGlobalSection
	GlobalSection(SolutionProperties) = preSolution
		HideSolutionNode = FALSE
	EndGlobalSection
EndGlobal
